
Microsoft Visual Studio Solution File, Format Version 12.00
# Visual Studio Version 16
VisualStudioVersion = 16.0.33027.164
MinimumVisualStudioVersion = 10.0.40219.1
Project("{9A19103F-16F7-4668-BE54-9A1E7A4F7556}") = "GeriDonusummApp", "GeriDonusummApp\GeriDonusummApp.csproj", "{F22CACDE-C746-4DE5-B865-B685A4854E57}"
EndProject
Global
	GlobalSection(SolutionConfigurationPlatforms) = preSolution
		Debug|Any CPU = Debug|Any CPU
		Release|Any CPU = Release|Any CPU
	EndGlobalSection
	GlobalSection(ProjectConfigurationPlatforms) = postSolution
		{F22CACDE-C746-4DE5-B865-B685A4854E57}.Debug|Any CPU.ActiveCfg = Debug|Any CPU
		{F22CACDE-C746-4DE5-B865-B685A4854E57}.Debug|Any CPU.Build.0 = Debug|Any CPU
		{F22CACDE-C746-4DE5-B865-B685A4854E57}.Release|Any CPU.ActiveCfg = Release|Any CPU
		{F22CACDE-C746-4DE5-B865-B685A4854E57}.Release|Any CPU.Build.0 = Release|Any CPU
	EndGlobalSection
	GlobalSection(SolutionProperties) = preSolution
		HideSolutionNode = FALSE
	EndGlobalSection
	GlobalSection(ExtensibilityGlobals) = postSolution
		SolutionGuid = {585884E0-D92D-4B0F-8DDF-2A6980DFEB32}
	EndGlobalSection
EndGlobal
